version = 1
revision = 3
requires-python = "==3.12.*"

[manifest]
members = [
    "canopy-author",
    "canopy-foundry-build",
]

[[package]]
name = "attrs"
version = "26.1.0"
source = { registry = "https://pypi.org/simple" }
sdist = { url = "https://files.pythonhosted.org/packages/9a/8e/82a0fe20a541c03148528be8cac2408564a6c9a0cc7e9171802bc1d26985/attrs-26.1.0.tar.gz", hash = "sha256:d03ceb89cb322a8fd706d4fb91940737b6642aa36998fe130a9bc96c985eff32", size = 952055, upload-time = "2026-03-19T14:22:25.026Z" }
wheels = [
    { url = "https://files.pythonhosted.org/packages/64/b4/17d4b0b2a2dc85a6df63d1157e028ed19f90d4cd97c36717afef2bc2f395/attrs-26.1.0-py3-none-any.whl", hash = "sha256:c647aa4a12dfbad9333ca4e71fe62ddc36f4e63b2d260a37a8b83d2f043ac309", size = 67548, upload-time = "2026-03-19T14:22:23.645Z" },
]

[[package]]
name = "canopy-author"
version = "0.1.0"
source = { editable = "apps/canopy-author" }
dependencies = [
    { name = "growbim", extra = ["ifc"] },
    { name = "opencea" },
]

[package.metadata]
requires-dist = [
    { name = "growbim", extras = ["ifc"], path = "dependencies/upstream/growbim-0.1.0-py3-none-any.whl" },
    { name = "opencea", path = "dependencies/upstream/opencea-0.1.0-py3-none-any.whl" },
]

[[package]]
name = "canopy-foundry-build"
version = "0.1.0"
source = { virtual = "." }

[package.dev-dependencies]
dev = [
    { name = "cmake" },
    { name = "ninja" },
    { name = "pytest" },
]

[package.metadata]

[package.metadata.requires-dev]
dev = [
    { name = "cmake", specifier = "==4.4.4" },
    { name = "ninja", specifier = "==1.13.2" },
    { name = "pytest", specifier = "==9.1.1" },
]

[[package]]
name = "cmake"
version = "4.4.4"
source = { registry = "https://pypi.org/simple" }
sdist = { url = "https://files.pythonhosted.org/packages/14/2a/88d51f5fc74358edb89afedeb8154db0d9c0bbd256747bf28de472e4fa5c/cmake-4.4.4.tar.gz", hash = "sha256:f337d18e33b116cabae9a7a8ff423fc0bc3f389da0acefeb724e1397128dcc34", size = 13287563, upload-time = "2026-10-04T09:10:05.134Z" }
wheels = [
    { url = "https://files.pythonhosted.org/packages/3f/02/86b484e16c91de4bdf90dfab37a33c3e5512bc30d3a494759976df0943b9/cmake-4.4.4-py3-none-macosx_10_10_universal2.whl", hash = "sha256:883962a72b1b3a16ff445427f24c8caca9797dd9e563bbe208cbcd89e877f9d3", size = 54404900, upload-time = "2026-10-04T09:09:09.509Z" },
    { url = "https://files.pythonhosted.org/packages/76/0a/f6c1119b24ca4b81476f9398e90f3f8175756dfe16e082c691b12992c991/cmake-4.4.4-py3-none-manylinux2014_aarch64.manylinux_2_17_aarch64.whl", hash = "sha256:b3029f586853e01ddf2824c1ff124a1c5284f8ae897994758e9c4eeb45903b58", size = 30300845, upload-time = "2026-10-04T09:09:12.83Z" },
    { url = "https://files.pythonhosted.org/packages/68/36/36529da1c3d8b28af4427d719ed258266289980ad2b8ccc9ceda55bc82e5/cmake-4.4.4-py3-none-manylinux2014_i686.manylinux_2_17_i686.whl", hash = "sha256:02e9599cba932b386dc5c7e29db5dbda0610d13263798ff1521298c18014357d", size = 31476299, upload-time = "2026-10-04T09:09:16.042Z" },
    { url = "https://files.pythonhosted.org/packages/8c/66/9d3bc5c7d32cd7be3f3fb1775562a250293b0460cb20e99a6b2d88b8dc5d/cmake-4.4.4-py3-none-manylinux2014_ppc64le.manylinux_2_17_ppc64le.whl", hash = "sha256:959fdcb277c63180928fe2c388063aa26dcfa1968033f7904eed1948ed44283b", size = 31236886, upload-time = "2026-10-04T09:09:18.954Z" },
    { url = "https://files.pythonhosted.org/packages/a5/88/d33686d356a0ca42dbd957651b25ff6023303f36a108874a44ba1c19032b/cmake-4.4.4-py3-none-manylinux2014_s390x.manylinux_2_17_s390x.whl", hash = "sha256:a3b4d4a35ba69360e630d2ce33020f42a61e09af28fe81122697989d11be8b39", size = 29102143, upload-time = "2026-10-04T09:09:21.827Z" },
    { url = "https://files.pythonhosted.org/packages/7e/d5/664ea06d01864f25d6067f09fa218404e4d588edd5e495135ac91429fecb/cmake-4.4.4-py3-none-manylinux2014_x86_64.manylinux_2_17_x86_64.whl", hash = "sha256:f773a0544c66370408f451acd487c2c643b0dfebb48c5d64f3638bc1bb820238", size = 30245729, upload-time = "2026-10-04T09:09:24.551Z" },
    { url = "https://files.pythonhosted.org/packages/82/14/8c9c11d27d7995d1b8a0f016626b62bd9cc633fb2097a079f2394df0c315/cmake-4.4.4-py3-none-manylinux_2_31_armv7l.whl", hash = "sha256:7b4a9c0d8146691d91b094633e4cd4f0cc4cdb8e04db0e8d805056db064396e0", size = 27334022, upload-time = "2026-10-04T09:09:27.724Z" },
    { url = "https://files.pythonhosted.org/packages/df/56/5d010b1fed5b7f151d9f9118f06b623410a887fc0730e3e5395c73ba73cd/cmake-4.4.4-py3-none-manylinux_2_31_riscv64.whl", hash = "sha256:45a5c5e058e1e456f8da99e8bb83c98df079f385afd0bbea222a7eab6fdc1a8f", size = 27446896, upload-time = "2026-10-04T09:09:30.477Z" },
    { url = "https://files.pythonhosted.org/packages/4b/13/ff769c6fc4a1e1458d3e18c7989e84cc1d374bda994d01ec900d1d3bdd44/cmake-4.4.4-py3-none-musllinux_1_2_aarch64.whl", hash = "sha256:e2d98233f16b5d6b9d4673a0a724ce801fc413811befb8f0b008cbffb7a2ad63", size = 39501571, upload-time = "2026-10-04T09:09:33.487Z" },
    { url = "https://files.pythonhosted.org/packages/da/c7/c76c6e6ab207313c3a74b26371bad077d0a7dfae382b0c6c42855fb9ab97/cmake-4.4.4-py3-none-musllinux_1_2_armv7l.whl", hash = "sha256:9ca4d839ced82f92b69319f50a65addf3051fae5d34464d9ac5b0296aba6ccb3", size = 36132478, upload-time = "2026-10-04T09:09:36.711Z" },
    { url = "https://files.pythonhosted.org/packages/bc/14/a75d103d50af73b8ef9b7efb384fd6cc55fde3b68c4fab8a8d23f5bc1bdc/cmake-4.4.4-py3-none-musllinux_1_2_i686.whl", hash = "sha256:3c3f40c4656ec1ad1b873dd502bb31b3bba75295ae66b2623e515f2931eddbcb", size = 42262366, upload-time = "2026-10-04T09:09:39.894Z" },
    { url = "https://files.pythonhosted.org/packages/d3/9f/5ff3a3a5c13d0a170984bcee536627a5eb1c6c0980c404f476172c966e90/cmake-4.4.4-py3-none-musllinux_1_2_ppc64le.whl", hash = "sha256:c7def2c08d9d0d31bab239209946e45a97520518ae63c0401772206f28b81523", size = 41426442, upload-time = "2026-10-04T09:09:43.273Z" },
    { url = "https://files.pythonhosted.org/packages/7b/4e/cdf85d65020a3ba29cabf97fae1e2a32c20437e09d2fe8dd516be65500fd/cmake-4.4.4-py3-none-musllinux_1_2_riscv64.whl", hash = "sha256:d25e1d6baad137ddf21e576bf5296cd941bdd0da85baedbf78f673261fd2fca3", size = 36341400, upload-time = "2026-10-04T09:09:46.687Z" },
    { url = "https://files.pythonhosted.org/packages/89/ae/4f1c85e73c008a27ca5a6bd2b04d84c85a92cb8e110a085df1df65ca75a9/cmake-4.4.4-py3-none-musllinux_1_2_s390x.whl", hash = "sha256:b4ed2c1a8f9c90e37a1f3095f7ed94979ebf3f94d0e90e63d50f4e72d419773a", size = 38685338, upload-time = "2026-10-04T09:09:49.889Z" },
    { url = "https://files.pythonhosted.org/packages/21/72/48ce731c497ac567151f8919f910ed7c934e4802b4b6323ca5a04c5c0c51/cmake-4.4.4-py3-none-musllinux_1_2_x86_64.whl", hash = "sha256:ed50c732a82ac04f6e5606a0677ddfb49dda9ee130f9d4163c5df217e478417e", size = 39468383, upload-time = "2026-10-04T09:09:53.11Z" },
    { url = "https://files.pythonhosted.org/packages/7e/be/ea37d6bff1a42df9e95453f1951035a564af2f481d30c9b874a7ee2c1e4c/cmake-4.4.4-py3-none-win32.whl", hash = "sha256:eb0ff21b4309828f8fc0f0542022768f24b15aa1af3284e16c1eb01cdbe7d3e5", size = 38769584, upload-time = "2026-10-04T09:09:55.974Z" },
    { url = "https://files.pythonhosted.org/packages/87/9c/a7918eeeed09b34aa5dc1b767367fb1a2dcbb56171be00be0fd1280fe752/cmake-4.4.4-py3-none-win_amd64.whl", hash = "sha256:ad8e0a38b5707e27882701146bdfffecacd80e7703fa0fc36c77528518d545af", size = 42321211, upload-time = "2026-10-04T09:09:58.982Z" },
    { url = "https://files.pythonhosted.org/packages/80/13/f22fc05d0201b8c90f72b6b9d4b38ca4b36a70d2e53e865ab0d4834c4c72/cmake-4.4.4-py3-none-win_arm64.whl", hash = "sha256:6b914a7d9492d6134d43d484500cacd3a70466f6e31fcaf5145cf87128c28114", size = 40491770, upload-time = "2026-10-04T09:10:02.305Z" },
]

[[package]]
name = "colorama"
version = "0.4.6"
source = { registry = "https://pypi.org/simple" }
sdist = { url = "https://files.pythonhosted.org/packages/d8/53/6f443c9a4a8358a93a6792e2acffb9d9d5cb0a5cfd8802644b7b1c9a02e4/colorama-0.4.6.tar.gz", hash = "sha256:08695f5cb7ed6e0531a20572697297273c47b8cae5a63ffc6d6ed5c201be6e44", size = 27697, upload-time = "2022-10-25T02:36:22.414Z" }
wheels = [
    { url = "https://files.pythonhosted.org/packages/d1/d6/3965ed04c63042e047cb6a3e6ed1a63a35087b6a609aa3a15ed8ac56c221/colorama-0.4.6-py2.py3-none-any.whl", hash = "sha256:4f1d9991f5acc0ca119f9d443620b77f9d6b33703e51011c16baf57afb285fc6", size = 25335, upload-time = "2022-10-25T02:36:20.889Z" },
]

[[package]]
name = "growbim"
version = "0.1.0"
source = { path = "dependencies/upstream/growbim-0.1.0-py3-none-any.whl" }
dependencies = [
    { name = "opencea" },
]
wheels = [
    { filename = "growbim-0.1.0-py3-none-any.whl", hash = "sha256:1e4999bef0cfecc86a95e58d0915fac29b0d6f1c6f80621a59e86cc8126428f2" },
]

[package.optional-dependencies]
ifc = [
    { name = "ifcopenshell" },
]

[package.metadata]
requires-dist = [
    { name = "ifcopenshell", marker = "extra == 'ifc'", specifier = "==0.8.5" },
    { name = "opencea", specifier = ">=0.1,<0.2" },
]
provides-extras = ["ifc"]

[[package]]
name = "ifcopenshell"
version = "0.8.5"
source = { registry = "https://pypi.org/simple" }
dependencies = [
    { name = "isodate" },
    { name = "lark" },
    { name = "numpy" },
    { name = "python-dateutil" },
    { name = "shapely" },
    { name = "typing-extensions" },
]
wheels = [
    { url = "https://files.pythonhosted.org/packages/59/37/bb8c2b208ca2821993216eb4dc8f41d2585bbe6256739ea32d05b1ff654c/ifcopenshell-0.8.5-py310-none-macosx_10_15_x86_64.whl", hash = "sha256:3b1c5a2ea655d96914ddafd258aa6183f29fb7a08b2b10a329b204b8deca7226", size = 44982843, upload-time = "2026-04-13T13:42:40.878Z" },
    { url = "https://files.pythonhosted.org/packages/43/e1/03daf876c2496f21323a4a305c28c78b53ba7b6dceadc8ae4a59b7481432/ifcopenshell-0.8.5-py310-none-macosx_11_0_arm64.whl", hash = "sha256:beb9e761ea9b6678c5edff4d6ab31e40a771fffca3bc295810045de564f1b018", size = 42398229, upload-time = "2026-04-13T13:42:24.213Z" },
    { url = "https://files.pythonhosted.org/packages/9d/9e/8f2ec71a22d73d42feb400ff893fbcf28d5ac88787ae4ad09e0c5ec29bc1/ifcopenshell-0.8.5-py310-none-manylinux_2_31_aarch64.whl", hash = "sha256:8de53ba37e762f2e2ba7cf502f15504b886233f681c30245ae7b4ed82087445d", size = 41035477, upload-time = "2026-04-13T13:42:26.462Z" },
    { url = "https://files.pythonhosted.org/packages/10/9d/ed885e74440cc145f56f661e128b66702cc880cba969a8444453b50ec202/ifcopenshell-0.8.5-py310-none-manylinux_2_31_x86_64.whl", hash = "sha256:487189a6a70f9c688ae58efa075312d0dbba3e83839abaafbfe669bbfdb66e2a", size = 43717796, upload-time = "2026-04-13T13:42:35.722Z" },
    { url = "https://files.pythonhosted.org/packages/bc/6a/877930c416402b5d381cd1c5e9f1edbf56cee13eca64b41d894f6aa512dc/ifcopenshell-0.8.5-py310-none-win_amd64.whl", hash = "sha256:86b60a3fba3c5b3c5a152a71b1a5038a78384fcaa0bab61297bf363c8bedd325", size = 24538316, upload-time = "2026-04-13T13:42:14.88Z" },
    { url = "https://files.pythonhosted.org/packages/3a/28/a0caaf40e59418b84c2838a25e317ff61a323135bdd344cf4cc948238cca/ifcopenshell-0.8.5-py311-none-macosx_10_15_x86_64.whl", hash = "sha256:ba916b73a1dd011abeee564b2bb0027c3dc679d77733d44f2f38009b70d413b5", size = 44982843, upload-time = "2026-04-13T13:43:22.436Z" },
    { url = "https://files.pythonhosted.org/packages/f8/05/9217aaa1639da7190da7290bc032704286abd64099f347eedf1e8e722e93/ifcopenshell-0.8.5-py311-none-macosx_11_0_arm64.whl", hash = "sha256:7dba9a0348600bd59ceb9222333e493b9b1c49fc69251a73bc707e77a445007d", size = 42398229, upload-time = "2026-04-13T13:42:36.627Z" },
    { url = "https://files.pythonhosted.org/packages/0e/19/557539d3e61786d6bc7b65bed170f36d5f7cc0cd4ec570aecd9425504152/ifcopenshell-0.8.5-py311-none-manylinux_2_31_aarch64.whl", hash = "sha256:e568a859b489ba43013795c3d682758d1ee905fe08919d2c96b5c5676167b243", size = 41035572, upload-time = "2026-04-13T13:42:36.877Z" },
    { url = "https://files.pythonhosted.org/packages/e3/d2/876d1f9564d06f8313b35c3c456241fba79d01a113655273cfb48303ff19/ifcopenshell-0.8.5-py311-none-manylinux_2_31_x86_64.whl", hash = "sha256:612e955ab0975bbc4134fe26c4c36d71a12525fd5c4b391573e6df3cd81713ec", size = 43717607, upload-time = "2026-04-13T13:42:53.312Z" },
    { url = "https://files.pythonhosted.org/packages/0b/7f/077d6ade67326a8e919edb7c8b240f5cc31506947198e8de4e73b5ca7b38/ifcopenshell-0.8.5-py311-none-win_amd64.whl", hash = "sha256:a994cb398aa822b0153ace11fc19deea108706d3a10339de9ac9dc13da21076d", size = 24539716, upload-time = "2026-04-13T13:42:11.211Z" },
    { url = "https://files.pythonhosted.org/packages/3e/e0/fd69ad4d872031960be6169526aa51c2a2f0360b9d19d57d5fcc48f40b24/ifcopenshell-0.8.5-py312-none-macosx_10_15_x86_64.whl", hash = "sha256:38f63e13cf326b195e2b9ac4ed45396cdda9b3ad29318ce04d7c4a401f7a3921", size = 44991884, upload-time = "2026-04-13T13:43:29.707Z" },
    { url = "https://files.pythonhosted.org/packages/8f/37/93b6738a88dd138d917eb177f2c6e5fc6fbf59b519151e8d90f462582ee1/ifcopenshell-0.8.5-py312-none-macosx_11_0_arm64.whl", hash = "sha256:89e60dbe8ea7014174ab332b6caad25465c446c118a896435f594ab24602a10a", size = 42400012, upload-time = "2026-04-13T13:43:16.854Z" },
    { url = "https://files.pythonhosted.org/packages/45/17/b2bf757bf2112ae20f28866a94e70b5f5e4441deb7f306fbeca660deb643/ifcopenshell-0.8.5-py312-none-manylinux_2_31_aarch64.whl", hash = "sha256:a5183ae0431a9b87d89ca2e880dae986e4140f088293c3872a88ed3177e7308d", size = 41035338, upload-time = "2026-04-13T13:42:22.08Z" },
    { url = "https://files.pythonhosted.org/packages/8a/9f/3ae435c85e33f89e206b46965d02318d6b4276d89b39623dd1044c0a566f/ifcopenshell-0.8.5-py312-none-manylinux_2_31_x86_64.whl", hash = "sha256:dd154b121815e25bc4890f030bf2bdd8d99b059448e0d1205ac81388a3d321f4", size = 43718107, upload-time = "2026-04-13T13:43:15.989Z" },
    { url = "https://files.pythonhosted.org/packages/97/ce/0464df6a6e6ebf71a9407337d257ac94f63eb1494800a88485e361b1640b/ifcopenshell-0.8.5-py312-none-win_amd64.whl", hash = "sha256:7927921dbfd18024f44780880c37e48460bbca7476da3b0c2607e044b31521d5", size = 24539561, upload-time = "2026-04-13T13:42:14.03Z" },
]

[[package]]
name = "iniconfig"
version = "2.3.1"
source = { registry = "https://pypi.org/simple" }
sdist = { url = "https://files.pythonhosted.org/packages/01/e1/2069291243c926a2ff1cd706c7f3eeb9b62144bf60f77c9fb9ff2fb26bd3/iniconfig-2.3.1.tar.gz", hash = "sha256:67f4b9c50da0dedf52af349e7749a80a9057a5031199791b906c3bb3ae878960", size = 21209, upload-time = "2026-10-06T22:48:38.076Z" }
wheels = [
    { url = "https://files.pythonhosted.org/packages/56/43/4ca9e49d27a1fcf6bece6f6aec0ea46bb9112489b93d4b688fb415457bdb/iniconfig-2.3.1-py3-none-any.whl", hash = "sha256:9121e2c1fdb355232495be3194c8dfe87ccc2d5dee45947b78e68f499790d7a7", size = 7552, upload-time = "2026-10-06T22:48:36.959Z" },
]

[[package]]
name = "isodate"
version = "0.7.2"
source = { registry = "https://pypi.org/simple" }
sdist = { url = "https://files.pythonhosted.org/packages/54/4d/e940025e2ce31a8ce1202635910747e5a87cc3a6a6bb2d00973375014749/isodate-0.7.2.tar.gz", hash = "sha256:4cd1aa0f43ca76f4a6c6c0292a85f40b35ec2e43e315b59f06e6d32171a953e6", size = 29705, upload-time = "2024-10-08T23:04:11.5Z" }
wheels = [
    { url = "https://files.pythonhosted.org/packages/15/aa/0aca39a37d3c7eb941ba736ede56d689e7be91cab5d9ca846bde3999eba6/isodate-0.7.2-py3-none-any.whl", hash = "sha256:28009937d8031054830160fce6d409ed342816b543597cece116d966c6d99e15", size = 22320, upload-time = "2024-10-08T23:04:09.501Z" },
]

[[package]]
name = "jsonschema"
version = "4.26.0"
source = { registry = "https://pypi.org/simple" }
dependencies = [
    { name = "attrs" },
    { name = "jsonschema-specifications" },
    { name = "referencing" },
    { name = "rpds-py" },
]
sdist = { url = "https://files.pythonhosted.org/packages/b3/fc/e067678238fa451312d4c62bf6e6cf5ec56375422aee02f9cb5f909b3047/jsonschema-4.26.0.tar.gz", hash = "sha256:0c26707e2efad8aa1bfc5b7ce170f3fccc2e4918ff85989ba9ffa9facb2be326", size = 366583, upload-time = "2026-01-07T13:41:07.246Z" }
wheels = [
    { url = "https://files.pythonhosted.org/packages/69/90/f63fb5873511e014207a475e2bb4e8b2e570d655b00ac19a9a0ca0a385ee/jsonschema-4.26.0-py3-none-any.whl", hash = "sha256:d489f15263b8d200f8387e64b4c3a75f06629559fb73deb8fdfb525f2dab50ce", size = 90630, upload-time = "2026-01-07T13:41:05.306Z" },
]

[[package]]
name = "jsonschema-specifications"
version = "2025.9.1"
source = { registry = "https://pypi.org/simple" }
dependencies = [
    { name = "referencing" },
]
sdist = { url = "https://files.pythonhosted.org/packages/19/74/a633ee74eb36c44aa6d1095e7cc5569bebf04342ee146178e2d36600708b/jsonschema_specifications-2025.9.1.tar.gz", hash = "sha256:b540987f239e745613c7a9176f3edb72b832a4ac465cf02712288397832b5e8d", size = 32855, upload-time = "2025-09-08T01:34:59.186Z" }
wheels = [
    { url = "https://files.pythonhosted.org/packages/41/45/1a4ed80516f02155c51f51e8cedb3c1902296743db0bbc66608a0db2814f/jsonschema_specifications-2025.9.1-py3-none-any.whl", hash = "sha256:98802fee3a11ee76ecaca44429fda8a41bff98b00a0f2838151b113f210cc6fe", size = 18437, upload-time = "2025-09-08T01:34:57.871Z" },
]

[[package]]
name = "lark"
version = "1.3.1"
source = { registry = "https://pypi.org/simple" }
sdist = { url = "https://files.pythonhosted.org/packages/da/34/28fff3ab31ccff1fd4f6c7c7b0ceb2b6968d8ea4950663eadcb5720591a0/lark-1.3.1.tar.gz", hash = "sha256:b426a7a6d6d53189d318f2b6236ab5d6429eaf09259f1ca33eb716eed10d2905", size = 382732, upload-time = "2025-10-27T18:25:56.653Z" }
wheels = [
    { url = "https://files.pythonhosted.org/packages/82/3d/14ce75ef66813643812f3093ab17e46d3a206942ce7376d31ec2d36229e7/lark-1.3.1-py3-none-any.whl", hash = "sha256:c629b661023a014c37da873b4ff58a817398d12635d3bbb2c5a03be7fe5d1e12", size = 113151, upload-time = "2025-10-27T18:25:54.882Z" },
]

[[package]]
name = "ninja"
version = "1.13.2"
source = { registry = "https://pypi.org/simple" }
sdist = { url = "https://files.pythonhosted.org/packages/ac/92/410b7917d16ab54c04b05cc32b9284803671d91cf79d33be6009c28d4ea8/ninja-1.13.2.tar.gz", hash = "sha256:525bfa3fc88aa30a4467df270fd5be6f9fcae8061d54d4df74ea1dc5abd5a975", size = 243739, upload-time = "2026-08-30T15:49:51.897Z" }
wheels = [
    { url = "https://files.pythonhosted.org/packages/b5/b8/90a9518f2264637084d6199bc20c2f3fb97fefc4c474d277720150c3bd6d/ninja-1.13.2-py3-none-macosx_10_9_universal2.whl", hash = "sha256:fd82e26c0706ad4ab88e5fdd26f3fab0a987a90f810160f6c322e752c6af298b", size = 306611, upload-time = "2026-08-30T15:49:28.267Z" },
    { url = "https://files.pythonhosted.org/packages/35/54/7368ce188625e39acc03ee362bb86cc9bfa6ad15e25c50889ae36e2889b3/ninja-1.13.2-py3-none-manylinux2014_aarch64.manylinux_2_17_aarch64.whl", hash = "sha256:d775a5e43e9088f507a6250d57fcf5678eb31268c545feb5064ffeee33735622", size = 177180, upload-time = "2026-08-30T15:49:29.59Z" },
    { url = "https://files.pythonhosted.org/packages/80/1a/0b5601ece2a5de97253e7c7c442b70315333955593c2b55616fd17f1706f/ninja-1.13.2-py3-none-manylinux2014_i686.manylinux_2_17_i686.whl", hash = "sha256:81d95081c0ad7c95f67bf682220361ed2a32659d7861b4766b03433c58f22516", size = 199485, upload-time = "2026-08-30T15:49:30.72Z" },
    { url = "https://files.pythonhosted.org/packages/48/23/fcbe234a66966e35928c47b86336f92a7612db4781665f4e5f5fddef9630/ninja-1.13.2-py3-none-manylinux2014_ppc64le.manylinux_2_17_ppc64le.whl", hash = "sha256:227cbc3ae3e5e429692388103cae8c09451df086cd2d342dae0795af0d162547", size = 197676, upload-time = "2026-08-30T15:49:32.026Z" },
    { url = "https://files.pythonhosted.org/packages/24/eb/a6ca97ef0ff7bb8bdcb395ec65a716e65d7c1f40896c3afe0090bb3e1535/ninja-1.13.2-py3-none-manylinux2014_s390x.manylinux_2_17_s390x.whl", hash = "sha256:1684c60d031c54c1d049541b64243c0c567dca5463dbd77682a8901780af293d", size = 187980, upload-time = "2026-08-30T15:49:33.372Z" },
    { url = "https://files.pythonhosted.org/packages/6e/53/ebfed7b689c338dd8ebeec9c0730c8d56821292f14e2536e5f3ef1a05744/ninja-1.13.2-py3-none-manylinux2014_x86_64.manylinux_2_17_x86_64.whl", hash = "sha256:65a24341b5ac09fcadcc37082660be40a94174e51a937fabf6e2cae26225fa2c", size = 183365, upload-time = "2026-08-30T15:49:34.53Z" },
    { url = "https://files.pythonhosted.org/packages/c7/d6/dcf06d7ab44ade992ae5aa1228feff317684b463a1bd47e8642b30ac922e/ninja-1.13.2-py3-none-manylinux_2_28_armv7l.manylinux_2_31_armv7l.whl", hash = "sha256:aa3d2ae5706a2c4d1e93edc951d1c6cbb45107413c404f8fde1741239efbc9a0", size = 155089, upload-time = "2026-08-30T15:49:35.72Z" },
    { url = "https://files.pythonhosted.org/packages/e1/6b/6513c09c33382b17c05b4349b8e81437b18680d0d7ec6fb8f7edc29adda1/ninja-1.13.2-py3-none-manylinux_2_31_riscv64.whl", hash = "sha256:919572cbc3f233261ecd41fe1f3efc9d44aa02464a4588867e06a8b4f6f416ea", size = 152149, upload-time = "2026-08-30T15:49:36.971Z" },
    { url = "https://files.pythonhosted.org/packages/4d/70/d59fa4261f5ce586f43d8716de1da33d813afc116f0bf9173bf4cdbfdb2a/ninja-1.13.2-py3-none-musllinux_1_2_aarch64.whl", hash = "sha256:0e083700470c02ca154a855ae6d692d03564f5064cae52e113896f9ccc078418", size = 525392, upload-time = "2026-08-30T15:49:38.136Z" },
    { url = "https://files.pythonhosted.org/packages/37/04/c8c2dc5b2f5fee79a1691d490256b178b7e1af97d56769117422ae8a23cc/ninja-1.13.2-py3-none-musllinux_1_2_armv7l.whl", hash = "sha256:59d71c3e15b6b6f3d903eb0c27285544e0747ca59925ada7037bb1af781ad4b3", size = 466268, upload-time = "2026-08-30T15:49:39.479Z" },
    { url = "https://files.pythonhosted.org/packages/f3/6d/fce288647e53e96e0f0929a3c5b23986aae1b7101ea8889a3090237c5d13/ninja-1.13.2-py3-none-musllinux_1_2_i686.whl", hash = "sha256:f90f84affc441e219f15fe52532806c1c9dbd22fb66c3addddce88a3deaabab7", size = 605088, upload-time = "2026-08-30T15:49:40.826Z" },
    { url = "https://files.pythonhosted.org/packages/10/a2/d8eedd25d0ae80b9e874aea362013e67416877c8f732eb4d5e7c971fdb9c/ninja-1.13.2-py3-none-musllinux_1_2_ppc64le.whl", hash = "sha256:b2f687437fac460b27b7eadc99039b1163016fb4ba7276e2782a192d9f24ee0e", size = 610806, upload-time = "2026-08-30T15:49:42.168Z" },
    { url = "https://files.pythonhosted.org/packages/14/0f/696d96821fad1b5767fd311c1569dde8881a57412369bfe7b11bcbfde036/ninja-1.13.2-py3-none-musllinux_1_2_riscv64.whl", hash = "sha256:09de9ab04f7352f51570c73fd4913acb1e6c24be0a72cd8b80243d4d3ed04925", size = 533978, upload-time = "2026-08-30T15:49:43.451Z" },
    { url = "https://files.pythonhosted.org/packages/5d/69/28844ca579156776a202217a7cd66f60d06a0710a935e879bb89ce396ecc/ninja-1.13.2-py3-none-musllinux_1_2_s390x.whl", hash = "sha256:6a87bf42b123abe2f37737300185f0a303a891899da85d73a3613ee80547e578", size = 653822, upload-time = "2026-08-30T15:49:44.724Z" },
    { url = "https://files.pythonhosted.org/packages/f5/5f/c511f2952f94ab2966d60edd9c34e744ea32f2724b1184b62270bde55b3a/ninja-1.13.2-py3-none-musllinux_1_2_x86_64.whl", hash = "sha256:915bd482c4be41c75120fd67a22e0bb3f0fbb3bbc5f95b89787deadd59e27ef2", size = 544460, upload-time = "2026-08-30T15:49:46.29Z" },
    { url = "https://files.pythonhosted.org/packages/79/e7/fb0e828e89ac77ef77183a0834f17c4108e66088732fed86a3cc3c776a7a/ninja-1.13.2-py3-none-win32.whl", hash = "sha256:792cadbb9decfd1f776d4d0a6930feb46d08302eb57c176bcf26b09de5748e9f", size = 270319, upload-time = "2026-08-30T15:49:47.942Z" },
    { url = "https://files.pythonhosted.org/packages/3f/dd/3766b5f4d32e8a9b97d195496b0b01fbbe2e1a41669dab0cd6492a6ce199/ninja-1.13.2-py3-none-win_amd64.whl", hash = "sha256:1293f4078278b70d0ee4b6cc8f3a9e030656c9b2f59909970343c4fe76070118", size = 311798, upload-time = "2026-08-30T15:49:49.351Z" },
    { url = "https://files.pythonhosted.org/packages/b7/8d/59a31fa508070d042571d9d226b541a21000756817313f397da22287ad34/ninja-1.13.2-py3-none-win_arm64.whl", hash = "sha256:1db9852e528efa7702f5123969f86678663e46d57ff28ab13f5fd84d64a85fb1", size = 290620, upload-time = "2026-08-30T15:49:50.639Z" },
]

[[package]]
name = "numpy"
version = "2.5.3"
source = { registry = "https://pypi.org/simple" }
sdist = { url = "https://files.pythonhosted.org/packages/13/01/11703282db468b85f6f7b8c7f22d058de5970d5c7e60a3a8aaa313c3de36/numpy-2.5.3.tar.gz", hash = "sha256:df2d5874ff183595a4ba404edd04f6bd9b5505c1d7708573f6a6c17489a67563", size = 20791231, upload-time = "2026-09-06T16:27:47.073Z" }
wheels = [
    { url = "https://files.pythonhosted.org/packages/d6/50/8fdbb16af64895706a45f06a4068e29db732ec180f3c1375f14123359138/numpy-2.5.3-cp312-cp312-macosx_10_13_x86_64.whl", hash = "sha256:cb189f09db39283b26bfd061ec16189e14f71c6755207f72a0f7540867afe5b9", size = 16994982, upload-time = "2026-09-06T16:24:29.244Z" },
    { url = "https://files.pythonhosted.org/packages/60/39/789131c1188c078dcb3a1692e72e1e050c68b88ffe72c9ccaac9bcd7a9cd/numpy-2.5.3-cp312-cp312-macosx_11_0_arm64.whl", hash = "sha256:f59a878c33d6b88122d80d239bb3b845d58708750b0cb06a09aebb9b18ec696c", size = 12009327, upload-time = "2026-09-06T16:24:32.491Z" },
    { url = "https://files.pythonhosted.org/packages/9c/59/a312e95696e5f601914dd8b6dd844692ba61670807417e24b68e337b5c70/numpy-2.5.3-cp312-cp312-macosx_14_0_arm64.whl", hash = "sha256:a72f874bc9e10e4b8f80426fb49716d5141f64442a0c8418065093ec8017fbb0", size = 5445405, upload-time = "2026-09-06T16:24:35.071Z" },
    { url = "https://files.pythonhosted.org/packages/30/d0/5623a1707ed4fe16e3909fe3cf5ee3da004ae677ad23d83bbf3adf1a6faf/numpy-2.5.3-cp312-cp312-macosx_14_0_x86_64.whl", hash = "sha256:fc36dc566135b5eceec4cf89758fcb719266a019ef07dae1754ae7c9f617ef3e", size = 6783213, upload-time = "2026-09-06T16:24:37.253Z" },
    { url = "https://files.pythonhosted.org/packages/f1/32/84146fc020ad3c25f805f70ab60da46fe3c540a21369754a7e4369754b6f/numpy-2.5.3-cp312-cp312-manylinux_2_27_aarch64.manylinux_2_28_aarch64.whl", hash = "sha256:76c2c1e6bfa5c84adc6434dfbf013aa92096a7985221762c8f11fedfd20fff58", size = 15687872, upload-time = "2026-09-06T16:24:39.751Z" },
    { url = "https://files.pythonhosted.org/packages/65/af/aa78d1a88805456e212b65461354cd943197fb9acecc4c90fd12295123a3/numpy-2.5.3-cp312-cp312-manylinux_2_27_x86_64.manylinux_2_28_x86_64.whl", hash = "sha256:b7e18c623bb5c95acb3b3328861272816ba199fb531921c5d6d0b675f1fde9e3", size = 16717410, upload-time = "2026-09-06T16:24:42.745Z" },
    { url = "https://files.pythonhosted.org/packages/3b/24/faa79d865e69a97ba17473b23a1b74094b2259c03e820c70297293b9ea49/numpy-2.5.3-cp312-cp312-musllinux_1_2_aarch64.whl", hash = "sha256:4f8929ee6c96bfbd7b4ed2032e0c03af86fe1826740ab61ddabf9072d06e57ff", size = 17040975, upload-time = "2026-09-06T16:24:45.961Z" },
    { url = "https://files.pythonhosted.org/packages/62/4a/8877e629445a7176297dffcaf9c485faa96a95d81728a62521ad55bd4c0f/numpy-2.5.3-cp312-cp312-musllinux_1_2_x86_64.whl", hash = "sha256:b5d93cf48f687479941d12b69c873ad2cc76bbd487f0091c2200636497f34034", size = 18476479, upload-time = "2026-09-06T16:24:49.35Z" },
    { url = "https://files.pythonhosted.org/packages/c8/db/35e1c2d38b04cbd5b731f9d71495e055e813197669d22b612f11748d2ff9/numpy-2.5.3-cp312-cp312-win32.whl", hash = "sha256:bf63afbe037eb5d2fe87fbcc7778e61da53ebaf21d938a4515aa73b62532a5d4", size = 6133378, upload-time = "2026-09-06T16:24:51.915Z" },
    { url = "https://files.pythonhosted.org/packages/3c/a1/accf6d4f0c80c5d9ba9735d6b1550e444180599f34dec69ca01360f717ad/numpy-2.5.3-cp312-cp312-win_amd64.whl", hash = "sha256:0a59a421a32580a009e8a1751345bf829631b990dc1794b80514ab722b435def", size = 12567828, upload-time = "2026-09-06T16:24:54.255Z" },
    { url = "https://files.pythonhosted.org/packages/22/43/1764aff32e4652526ae2f71fa8b3efd8d25c8a3d6926914454e47138ed1e/numpy-2.5.3-cp312-cp312-win_arm64.whl", hash = "sha256:ccb32e0525d29e8b0572eb84c9a57af0e7a4e615726927506f55063c62414034", size = 10485432, upload-time = "2026-09-06T16:24:57.278Z" },
]

[[package]]
name = "opencea"
version = "0.1.0"
source = { path = "dependencies/upstream/opencea-0.1.0-py3-none-any.whl" }
dependencies = [
    { name = "jsonschema" },
    { name = "referencing" },
    { name = "rfc3339-validator" },
]
wheels = [
    { filename = "opencea-0.1.0-py3-none-any.whl", hash = "sha256:6bc833fcf21644c260aeeb21ce6912443a36a8926ccf48a6fdd173550dcfbbb9" },
]

[package.metadata]
requires-dist = [
    { name = "jsonschema", specifier = ">=4.23,<5" },
    { name = "referencing", specifier = ">=0.35,<1" },
    { name = "rfc3339-validator", specifier = ">=0.1.4,<1" },
]

[[package]]
name = "packaging"
version = "26.3"
source = { registry = "https://pypi.org/simple" }
sdist = { url = "https://files.pythonhosted.org/packages/7d/fa/3944b40b07da9ce895c0e6303a5ab7d53da063554f534556b134a54d6093/packaging-26.3.tar.gz", hash = "sha256:94edc256424af38762eb31306eed28beb9f0efc50a8837492c9d6fd6004aed79", size = 313412, upload-time = "2026-08-04T18:15:28.737Z" }
wheels = [
    { url = "https://files.pythonhosted.org/packages/63/34/ba1c580383c9eada3711951fef0795c80b829a078d72188184bcab9dd527/packaging-26.3-py3-none-any.whl", hash = "sha256:d7193f7c8e4e93f444fde0262bf90af30e16fa0ad0ad44cb553c87339b23cd1c", size = 129956, upload-time = "2026-08-04T18:15:27.159Z" },
]

[[package]]
name = "pluggy"
version = "1.6.0"
source = { registry = "https://pypi.org/simple" }
sdist = { url = "https://files.pythonhosted.org/packages/f9/e2/3e91f31a7d2b083fe6ef3fa267035b518369d9511ffab804f839851d2779/pluggy-1.6.0.tar.gz", hash = "sha256:7dcc130b76258d33b90f61b658791dede3486c3e6bfb003ee5c9bfb396dd22f3", size = 69412, upload-time = "2025-05-15T12:30:07.975Z" }
wheels = [
    { url = "https://files.pythonhosted.org/packages/54/20/4d324d65cc6d9205fabedc306948156824eb9f0ee1633355a8f7ec5c66bf/pluggy-1.6.0-py3-none-any.whl", hash = "sha256:e920276dd6813095e9377c0bc5566d94c932c33b27a3e3945d8389c374dd4746", size = 20538, upload-time = "2025-05-15T12:30:06.134Z" },
]

[[package]]
name = "pygments"
version = "2.21.0"
source = { registry = "https://pypi.org/simple" }
sdist = { url = "https://files.pythonhosted.org/packages/49/2e/ced460408999b33da6b31b0021b0f37d329e202d4169aeb164493778f25b/pygments-2.21.0.tar.gz", hash = "sha256:610ca751c9bc2492b38eb9a38a7fbc93edbbb2d7182edaf34e66ae493dee5c8c", size = 5005329, upload-time = "2026-08-17T08:02:48.824Z" }
wheels = [
    { url = "https://files.pythonhosted.org/packages/71/46/17f022dd3e953bf20a04a028a21ec746d942f8d2af30fa0f124fa0e6a684/pygments-2.21.0-py3-none-any.whl", hash = "sha256:2363c69b61c4a97c838da3b130dcd6468f4848992b21a82f2a63ec34377137d9", size = 1250147, upload-time = "2026-08-17T08:02:44.912Z" },
]

[[package]]
name = "pytest"
version = "9.1.1"
source = { registry = "https://pypi.org/simple" }
dependencies = [
    { name = "colorama", marker = "sys_platform == 'win32'" },
    { name = "iniconfig" },
    { name = "packaging" },
    { name = "pluggy" },
    { name = "pygments" },
]
sdist = { url = "https://files.pythonhosted.org/packages/e4/47/b9efed96c114afcfa3c9d3fe98a76a1d14c74a9e266d397cf6eb64be5e01/pytest-9.1.1.tar.gz", hash = "sha256:1088fbde8f2b49d95a549a195707afa7a76a3ce9bcadc26b6d71f0ffda5fe313", size = 1636369, upload-time = "2026-06-19T10:58:32.857Z" }
wheels = [
    { url = "https://files.pythonhosted.org/packages/24/25/1de2678b631f5a49215c6c96fff41ba892b0a34df68d6d80292b1b48aa7f/pytest-9.1.1-py3-none-any.whl", hash = "sha256:37a86b45efb9a47a61a36449063e8e18d0cab3161329fc099eb21783169c4f0c", size = 386536, upload-time = "2026-06-19T10:58:31.347Z" },
]

[[package]]
name = "python-dateutil"
version = "2.9.0.post0"
source = { registry = "https://pypi.org/simple" }
dependencies = [
    { name = "six" },
]
sdist = { url = "https://files.pythonhosted.org/packages/66/c0/0c8b6ad9f17a802ee498c46e004a0eb49bc148f2fd230864601a86dcf6db/python-dateutil-2.9.0.post0.tar.gz", hash = "sha256:37dd54208da7e1cd875388217d5e00ebd4179249f90fb72437e91a35459a0ad3", size = 342432, upload-time = "2024-03-01T18:36:20.211Z" }
wheels = [
    { url = "https://files.pythonhosted.org/packages/ec/57/56b9bcc3c9c6a792fcbaf139543cee77261f3651ca9da0c93f5c1221264b/python_dateutil-2.9.0.post0-py2.py3-none-any.whl", hash = "sha256:a8b2bc7bffae282281c8140a97d3aa9c14da0b136dfe83f850eea9a5f7470427", size = 229892, upload-time = "2024-03-01T18:36:18.57Z" },
]

[[package]]
name = "referencing"
version = "0.37.0"
source = { registry = "https://pypi.org/simple" }
dependencies = [
    { name = "attrs" },
    { name = "rpds-py" },
    { name = "typing-extensions" },
]
sdist = { url = "https://files.pythonhosted.org/packages/22/f5/df4e9027acead3ecc63e50fe1e36aca1523e1719559c499951bb4b53188f/referencing-0.37.0.tar.gz", hash = "sha256:44aefc3142c5b842538163acb373e24cce6632bd54bdb01b21ad5863489f50d8", size = 78036, upload-time = "2025-10-13T15:30:48.871Z" }
wheels = [
    { url = "https://files.pythonhosted.org/packages/2c/58/ca301544e1fa93ed4f80d724bf5b194f6e4b945841c5bfd555878eea9fcb/referencing-0.37.0-py3-none-any.whl", hash = "sha256:381329a9f99628c9069361716891d34ad94af76e461dcb0335825aecc7692231", size = 26766, upload-time = "2025-10-13T15:30:47.625Z" },
]

[[package]]
name = "rfc3339-validator"
version = "0.1.4"
source = { registry = "https://pypi.org/simple" }
dependencies = [
    { name = "six" },
]
sdist = { url = "https://files.pythonhosted.org/packages/28/ea/a9387748e2d111c3c2b275ba970b735e04e15cdb1eb30693b6b5708c4dbd/rfc3339_validator-0.1.4.tar.gz", hash = "sha256:138a2abdf93304ad60530167e51d2dfb9549521a836871b88d7f4695d0022f6b", size = 5513, upload-time = "2021-05-12T16:37:54.178Z" }
wheels = [
    { url = "https://files.pythonhosted.org/packages/7b/44/4e421b96b67b2daff264473f7465db72fbdf36a07e05494f50300cc7b0c6/rfc3339_validator-0.1.4-py2.py3-none-any.whl", hash = "sha256:24f6ec1eda14ef823da9e36ec7113124b39c04d50a4d3d3a3c2859577e7791fa", size = 3490, upload-time = "2021-05-12T16:37:52.536Z" },
]

[[package]]
name = "rpds-py"
version = "2026.9.1"
source = { registry = "https://pypi.org/simple" }
sdist = { url = "https://files.pythonhosted.org/packages/42/68/3bd46b8a5e01d3c2ebdf9c5e9497912e3fe0cde02bac21a7130ca866e403/rpds_py-2026.9.1.tar.gz", hash = "sha256:4793ef7f78268b124b73fa933440f01d258bbae01de9fa53e9080c9ab0425a12", size = 63948, upload-time = "2026-10-04T16:32:36.469Z" }
wheels = [
    { url = "https://files.pythonhosted.org/packages/5d/34/a828586ea3329fbb50895b50e9cf98ca3d924a9f41a0b26d443bff1b3794/rpds_py-2026.9.1-cp312-cp312-macosx_10_12_x86_64.whl", hash = "sha256:50906f5aea24b5a865cbd0a589698288631d9f3a54c3a937c83aefa95a0d14af", size = 346822, upload-time = "2026-10-04T16:29:16.258Z" },
    { url = "https://files.pythonhosted.org/packages/90/81/ac6a0d064982251856ce009c9e1dd51a34110b3c055aa7d1aad18b4899a3/rpds_py-2026.9.1-cp312-cp312-macosx_11_0_arm64.whl", hash = "sha256:e21c1429e205828ea886a2293a4a2c8e01f4c25d9893ca330e97a6cf73f52e7b", size = 341380, upload-time = "2026-10-04T16:29:17.706Z" },
    { url = "https://files.pythonhosted.org/packages/42/ff/bf7d54f362748fd6a49277b9d6531c394074110fedf50ad791ec59133fbb/rpds_py-2026.9.1-cp312-cp312-manylinux_2_17_aarch64.manylinux2014_aarch64.whl", hash = "sha256:2693b2728bbcc48d09a981a356954b0c47c53ff25b545856f28a889ea619f69a", size = 373053, upload-time = "2026-10-04T16:29:19.063Z" },
    { url = "https://files.pythonhosted.org/packages/60/de/74b0ccdbbd28687b9b5fdb34c1cabed88352182facaced9d6f5486b8b9ed/rpds_py-2026.9.1-cp312-cp312-manylinux_2_17_armv7l.manylinux2014_armv7l.whl", hash = "sha256:8601470267d938bcb7f3ab1a336100af51a4fd5b6ed030ef52461bb3ef5e7e07", size = 377742, upload-time = "2026-10-04T16:29:20.543Z" },
    { url = "https://files.pythonhosted.org/packages/c2/6d/b979775a3057b2a5c26d75ecbff60a20a24ef081db6dd76836fca3f20247/rpds_py-2026.9.1-cp312-cp312-manylinux_2_17_ppc64le.manylinux2014_ppc64le.whl", hash = "sha256:3890a6aa36e6baa53d5258a2a25d3ef8b37ad165a6ab27a892d7c3e3a432cd69", size = 487289, upload-time = "2026-10-04T16:29:21.958Z" },
    { url = "https://files.pythonhosted.org/packages/1d/5d/7c34734ce3ece943d9d6ee0122a74a21bbc75b47acb5b7053c83f6efb1ed/rpds_py-2026.9.1-cp312-cp312-manylinux_2_17_s390x.manylinux2014_s390x.whl", hash = "sha256:6b5b393eda5ea42cca1c1a6665f2a4882b4fd5d1777e41ce0545a107fb008c9d", size = 390710, upload-time = "2026-10-04T16:29:23.378Z" },
    { url = "https://files.pythonhosted.org/packages/1d/6d/b26eb1e75395925b3a142ed351cbed2ec8212f5c9d937aee3df32c701baa/rpds_py-2026.9.1-cp312-cp312-manylinux_2_17_x86_64.manylinux2014_x86_64.whl", hash = "sha256:addeda51556dac7c1a2f14cda62db8b621cd12afba3091d03a96c72932387eab", size = 371261, upload-time = "2026-10-04T16:29:25.1Z" },
    { url = "https://files.pythonhosted.org/packages/7c/98/b2fdfe10301a9e27af21e634337fbba7baac0bc17fe44619a17c26bba2cb/rpds_py-2026.9.1-cp312-cp312-manylinux_2_31_riscv64.whl", hash = "sha256:d9edf30457d74eebfd76b045535e36f1cd89062566a128a0db2145ca042d787e", size = 376075, upload-time = "2026-10-04T16:29:26.748Z" },
    { url = "https://files.pythonhosted.org/packages/c5/b1/c4b8d954e49c3c69cf8063c0c9e0919c99f3d2cecc46311606a1cbe835dc/rpds_py-2026.9.1-cp312-cp312-manylinux_2_5_i686.manylinux1_i686.whl", hash = "sha256:815d26356930846a40c7bc1366e7b1b0320ab8a063e66c11298a208bed0fd237", size = 399358, upload-time = "2026-10-04T16:29:28.282Z" },
    { url = "https://files.pythonhosted.org/packages/b3/59/9559a7293c97dff0cbb293efffbd36644103883ecc27741af8ef90c84ca8/rpds_py-2026.9.1-cp312-cp312-musllinux_1_2_aarch64.whl", hash = "sha256:3b5a6f40f0a1486b4b36c888123afc67acdbd9f33235927acf5ff295429a0ba3", size = 550267, upload-time = "2026-10-04T16:29:29.851Z" },
    { url = "https://files.pythonhosted.org/packages/6c/9d/6dc60e49511de4c8b00e74f9c1d43aed4d27f712cdb1ade92f2c199cbf64/rpds_py-2026.9.1-cp312-cp312-musllinux_1_2_i686.whl", hash = "sha256:b5b8b0753718d258fd454283fbd57e14545d3b40583fa672e27cb4f987626bcc", size = 614018, upload-time = "2026-10-04T16:29:31.54Z" },
    { url = "https://files.pythonhosted.org/packages/fb/bc/92a4ecf27301b886232a413360f6b348a81d55ffef654f2ebda5970ebc3d/rpds_py-2026.9.1-cp312-cp312-musllinux_1_2_x86_64.whl", hash = "sha256:46d80bc76b51a6c24f9944368c28d38b8bcbcea1da4f2f8d3ebc31a67e8c6ec6", size = 578509, upload-time = "2026-10-04T16:29:33.01Z" },
    { url = "https://files.pythonhosted.org/packages/08/53/efb97f2e6589b7ab8394385a73870e0b2ab2a195281c117b21fd6d7d4855/rpds_py-2026.9.1-cp312-cp312-win32.whl", hash = "sha256:befc2d6a953e563f8a7bfd87a42c22ebf8a3e980dcb7b6a4d17b70b0e914e8a3", size = 205401, upload-time = "2026-10-04T16:29:34.451Z" },
    { url = "https://files.pythonhosted.org/packages/1c/84/1700cc748d0eaa747486e4e82882d2575224e6e9a3148df583058850c629/rpds_py-2026.9.1-cp312-cp312-win_amd64.whl", hash = "sha256:5ce8943f79c2210f7abcc28e86367b03b28d95027fd01c46d2472373ae70c86f", size = 222923, upload-time = "2026-10-04T16:29:35.709Z" },
    { url = "https://files.pythonhosted.org/packages/c3/89/0302215373c2f8b4408b0fdfee955368cc378a98ff59508d47a7e0dc2dbf/rpds_py-2026.9.1-cp312-cp312-win_arm64.whl", hash = "sha256:501909f2e4a1e2dee528ef766fe3c469060ebc17e54a8383d404ba07a81a6f02", size = 218415, upload-time = "2026-10-04T16:29:37.263Z" },
    { url = "https://files.pythonhosted.org/packages/a3/90/a9ba81408369d34c1aca73319c15adc91ed45c1d21e9e8ee4832ffb7fe0b/rpds_py-2026.9.1-pp312-pypy312_pp73-manylinux_2_17_aarch64.manylinux2014_aarch64.whl", hash = "sha256:6cdc537c8633d7fd92a82e2e0d2ab74320a3f63d5e59fb9cf08711e08fe151c4", size = 381109, upload-time = "2026-10-04T16:32:08.994Z" },
    { url = "https://files.pythonhosted.org/packages/b3/44/5192a0bed94cec86bd2a5e1cc5a1bb8f7eec3aec907eacd2deb13e87e326/rpds_py-2026.9.1-pp312-pypy312_pp73-manylinux_2_17_armv7l.manylinux2014_armv7l.whl", hash = "sha256:10e208f2425d973938afcd56e28a7c4be32e27b6a60b5d381f49fb9d8acf9759", size = 388222, upload-time = "2026-10-04T16:32:11.321Z" },
    { url = "https://files.pythonhosted.org/packages/92/cd/5356549711448f18b52f7a11ffbe90f1228774996fbf3c6cd1b18d22abaf/rpds_py-2026.9.1-pp312-pypy312_pp73-manylinux_2_17_ppc64le.manylinux2014_ppc64le.whl", hash = "sha256:6c0dbbcc19735fe5f8b0a54c07659d154a9e69f47e15d0a6ab7299215daf62cb", size = 500384, upload-time = "2026-10-04T16:32:13.478Z" },
    { url = "https://files.pythonhosted.org/packages/7a/88/ddda9d28adfe33119c75b2e733d4ba7e326f41d7e1b1093951771768ca48/rpds_py-2026.9.1-pp312-pypy312_pp73-manylinux_2_17_s390x.manylinux2014_s390x.whl", hash = "sha256:684fd492fff4fead00587544e059be2bbcb6f93454f21fa2a91b66fc7508be82", size = 401661, upload-time = "2026-10-04T16:32:15.653Z" },
    { url = "https://files.pythonhosted.org/packages/32/c3/bb59ba16a6b4a57995d15b8c04c00f28df3b938c4dcdde48fbe0f73edb0c/rpds_py-2026.9.1-pp312-pypy312_pp73-manylinux_2_17_x86_64.manylinux2014_x86_64.whl", hash = "sha256:d1028417bb44037eb3069c1009bd7b7277212876cda22fbe565b0bca9fab6d2c", size = 380748, upload-time = "2026-10-04T16:32:17.727Z" },
    { url = "https://files.pythonhosted.org/packages/f5/b8/0580faa1c5a32ddc160130dd7ae54d2d007272a89a40a6b5db3e50f9f585/rpds_py-2026.9.1-pp312-pypy312_pp73-manylinux_2_31_riscv64.whl", hash = "sha256:492e5e428cbe126221611f47e068f01660352feec4ad18bc0f5ea9b2ae88fb14", size = 385731, upload-time = "2026-10-04T16:32:19.855Z" },
    { url = "https://files.pythonhosted.org/packages/bf/70/f73564642bbe3322c7eeef2c2f258cf040b71c41a430b532e59d04a1b838/rpds_py-2026.9.1-pp312-pypy312_pp73-manylinux_2_5_i686.manylinux1_i686.whl", hash = "sha256:88b5268892fde430d5531f95bc560b6efbbd67c929662c586afd729a96e7461c", size = 412131, upload-time = "2026-10-04T16:32:22.285Z" },
    { url = "https://files.pythonhosted.org/packages/8c/5d/17fff2e1f8f68721a2afb5cb48f7e442c751bb6b4883157c5abaf618cd08/rpds_py-2026.9.1-pp312-pypy312_pp73-musllinux_1_2_aarch64.whl", hash = "sha256:01445c8d194aa032a08e944f16567672da1c62dbdbefd8b6d0693032e290cf68", size = 558193, upload-time = "2026-10-04T16:32:24.4Z" },
    { url = "https://files.pythonhosted.org/packages/2a/d0/869ab6fb08531f97aae4a780b4d61b4190d8aef48fe054ee28bcf7114466/rpds_py-2026.9.1-pp312-pypy312_pp73-musllinux_1_2_i686.whl", hash = "sha256:eef6a03b0b6d08d0835ccfa8ec8d1bc70525e3801387567137b50c557695e6da", size = 622448, upload-time = "2026-10-04T16:32:26.844Z" },
    { url = "https://files.pythonhosted.org/packages/ba/a5/9672e532fe02cd3b92c78cfd8743abca939d96853006c63835009a1ecb6f/rpds_py-2026.9.1-pp312-pypy312_pp73-musllinux_1_2_x86_64.whl", hash = "sha256:6b9bf3135b4ad5981df9a73d71a35272d650a2985ae9c2746357b24d59de2448", size = 591126, upload-time = "2026-10-04T16:32:29.274Z" },
    { url = "https://files.pythonhosted.org/packages/80/ef/3a9f8e4279c7920af561deed4cb7ebebed2794a8f608cf404d5eef14a105/rpds_py-2026.9.1-pp312-pypy312_pp80-macosx_10_12_x86_64.whl", hash = "sha256:56c6952a9b15047466d0c2347c446a761d4527f89976156341e68f0ce5cc08b0", size = 357108, upload-time = "2026-10-04T16:32:31.641Z" },
    { url = "https://files.pythonhosted.org/packages/b7/55/4b2fa381a583760aea5c92841e4e928a358e1c6511b129219e9c2826a226/rpds_py-2026.9.1-pp312-pypy312_pp80-macosx_11_0_arm64.whl", hash = "sha256:b242c27c8f836305a4a72df9cdd564386ac57b807bd252a063223331c9316b37", size = 346877, upload-time = "2026-10-04T16:32:34.061Z" },
]

[[package]]
name = "shapely"
version = "2.2.0"
source = { registry = "https://pypi.org/simple" }
dependencies = [
    { name = "numpy" },
]
sdist = { url = "https://files.pythonhosted.org/packages/f3/ab/924b6e202f796d270a3041a230151f7908db5ea48c74effe6f8023e9bd05/shapely-2.2.0.tar.gz", hash = "sha256:e8865e553d874a1ec4a032057ea81fca9def37b188cd8fb550af3b3480b3f88c", size = 380326, upload-time = "2026-10-07T09:18:01.001Z" }
wheels = [
    { url = "https://files.pythonhosted.org/packages/63/af/ac371511dbf0f0a172544a647246f746ceb2b5d12b3e1238224bec3a3796/shapely-2.2.0-cp312-cp312-macosx_10_13_x86_64.whl", hash = "sha256:626fe4c0d32860a98e75ecffabf5a62254c6168eac96b633ad313cd62a38bb2b", size = 1785072, upload-time = "2026-10-07T09:16:13.707Z" },
    { url = "https://files.pythonhosted.org/packages/02/96/5c48977168f32de067bfafce7f584dd04becf152152bf088636cc034828e/shapely-2.2.0-cp312-cp312-macosx_11_0_arm64.whl", hash = "sha256:c36ccbff5c3374c349c370bfdac22c7676b268b4a707c98e9031f498965aa02d", size = 1584868, upload-time = "2026-10-07T09:16:15.795Z" },
    { url = "https://files.pythonhosted.org/packages/ae/34/b90723043091161f636fde302e850583dcebd610e798f9edd6e3245f5a2a/shapely-2.2.0-cp312-cp312-manylinux_2_24_aarch64.manylinux_2_28_aarch64.whl", hash = "sha256:a9a380624cdd7a7e661bf15a4d1625082766f07ccd2540cb0a9e0df1ad4f6c11", size = 2176960, upload-time = "2026-10-07T09:16:17.965Z" },
    { url = "https://files.pythonhosted.org/packages/ad/87/6842e4c996914a47b6bfd3ef14a543e67e993f86a9ea5679c34efc9314ab/shapely-2.2.0-cp312-cp312-manylinux_2_24_x86_64.manylinux_2_28_x86_64.whl", hash = "sha256:650a5f4d8a8e3c96982079d8c99b6ddbe6602bbd1e34c75c2b95dbc0d28ac997", size = 2300970, upload-time = "2026-10-07T09:16:20.191Z" },
    { url = "https://files.pythonhosted.org/packages/54/ea/06295d871f0befc3eafa96b7bb87a31e848f042d03ba80c5938b12eb68dd/shapely-2.2.0-cp312-cp312-musllinux_1_2_aarch64.whl", hash = "sha256:a851e077f0f02a3383923e02eca5447a29ddbf234e39593b91c8b7ac75218133", size = 3244534, upload-time = "2026-10-07T09:16:22.36Z" },
    { url = "https://files.pythonhosted.org/packages/8b/2a/ab017941b2014f29b8fca233e3f5a75e5fe109a1f27d316ba85d95a515ff/shapely-2.2.0-cp312-cp312-musllinux_1_2_x86_64.whl", hash = "sha256:dc5faa593948aa64d9afae48331b80f43f7aacc68425d99064a4d6772f53f1ad", size = 3391336, upload-time = "2026-10-07T09:16:24.226Z" },
    { url = "https://files.pythonhosted.org/packages/63/ee/4ccaa854f3b7ecd9181920b913c2d2f4b15053331457b7f615139a9774cc/shapely-2.2.0-cp312-cp312-win32.whl", hash = "sha256:da47a0cc9e630b4dff0db46e8972b29d2d27f337425ce9d4c77fd046ce48eabd", size = 1617174, upload-time = "2026-10-07T09:16:26.277Z" },
    { url = "https://files.pythonhosted.org/packages/f6/26/ba9192f0a72c830aa8cc1c61e207ada57cc54b7de81668b1836f575ee717/shapely-2.2.0-cp312-cp312-win_amd64.whl", hash = "sha256:90895df6542ae039fc6557dec6194e3509e883fbd6f5788e3c3e7a38fe46b257", size = 1791280, upload-time = "2026-10-07T09:16:27.94Z" },
    { url = "https://files.pythonhosted.org/packages/8e/92/4e4f93d7b7db9af2a77126c6c96af2c0c422635e2276f5abb533f67b42df/shapely-2.2.0-cp312-cp312-win_arm64.whl", hash = "sha256:7cf5b3a801b9b4febf774efde2e31280e647388deae8452693d8e6420b3a1ff2", size = 1879393, upload-time = "2026-10-07T09:16:29.684Z" },
]

[[package]]
name = "six"
version = "1.17.0"
source = { registry = "https://pypi.org/simple" }
sdist = { url = "https://files.pythonhosted.org/packages/94/e7/b2c673351809dca68a0e064b6af791aa332cf192da575fd474ed7d6f16a2/six-1.17.0.tar.gz", hash = "sha256:ff70335d468e7eb6ec65b95b99d3a2836546063f63acc5171de367e834932a81", size = 34031, upload-time = "2024-12-04T17:35:28.174Z" }
wheels = [
    { url = "https://files.pythonhosted.org/packages/b7/ce/149a00dd41f10bc29e5921b496af8b574d8413afcd5e30dfa0ed46c2cc5e/six-1.17.0-py2.py3-none-any.whl", hash = "sha256:4721f391ed90541fddacab5acf947aa0d3dc7d27b2e1e8eda2be8970586c3274", size = 11050, upload-time = "2024-12-04T17:35:26.475Z" },
]

[[package]]
name = "typing-extensions"
version = "4.16.0"
source = { registry = "https://pypi.org/simple" }
sdist = { url = "https://files.pythonhosted.org/packages/f6/cc/6253133b5bb138fc3306cebfbda2c520f545d36b5be2c7255cc528bb45d6/typing_extensions-4.16.0.tar.gz", hash = "sha256:dc983d19a509c94dba722ee6abd33940f7c05a89e243c47e907eb4db6f1a43e5", size = 113555, upload-time = "2026-07-02T08:40:05.92Z" }
wheels = [
    { url = "https://files.pythonhosted.org/packages/49/d3/b8441a820a491ddfc024b0b0cf0393375b75ea13866d9c66727e54c2fc80/typing_extensions-4.16.0-py3-none-any.whl", hash = "sha256:481caa481374e813c1b176ada14e97f1f67a4539ce9cfeb3f350d78d6370c2e8", size = 45571, upload-time = "2026-07-02T08:40:04.659Z" },
]
